
Microsoft Visual Studio Solution File, Format Version 12.00
# Visual Studio Version 17
VisualStudioVersion = 17.6.33723.286
MinimumVisualStudioVersion = 10.0.40219.1
Project("{FAE04EC0-301F-11D3-BF4B-00C04F79EFBC}") = "gestion_association", "gestion_association\gestion_association.csproj", "{0A4F2A8E-07D4-4A6B-B52D-4C1C9190137B}"
EndProject
Global
	GlobalSection(SolutionConfigurationPlatforms) = preSolution
		Debug|Any CPU = Debug|Any CPU
		Release|Any CPU = Release|Any CPU
	EndGlobalSection
	GlobalSection(ProjectConfigurationPlatforms) = postSolution
		{0A4F2A8E-07D4-4A6B-B52D-4C1C9190137B}.Debug|Any CPU.ActiveCfg = Debug|Any CPU
		{0A4F2A8E-07D4-4A6B-B52D-4C1C9190137B}.Debug|Any CPU.Build.0 = Debug|Any CPU
		{0A4F2A8E-07D4-4A6B-B52D-4C1C9190137B}.Release|Any CPU.ActiveCfg = Release|Any CPU
		{0A4F2A8E-07D4-4A6B-B52D-4C1C9190137B}.Release|Any CPU.Build.0 = Release|Any CPU
	EndGlobalSection
	GlobalSection(SolutionProperties) = preSolution
		HideSolutionNode = FALSE
	EndGlobalSection
	GlobalSection(ExtensibilityGlobals) = postSolution
		SolutionGuid = {5DC9AA1C-0BD6-4483-A069-7AF722CBCB93}
	EndGlobalSection
EndGlobal
